
Microsoft Visual Studio Solution File, Format Version 12.00
# Visual Studio Version 17
VisualStudioVersion = 17.2.32616.157
MinimumVisualStudioVersion = 10.0.40219.1
Project("{FAE04EC0-301F-11D3-BF4B-00C04F79EFBC}") = "super market  managment", "super market  managment\super market  managment.csproj", "{FCD23C3A-6F5C-4974-B89A-7A267EEE5241}"
EndProject
Global
	GlobalSection(SolutionConfigurationPlatforms) = preSolution
		Debug|Any CPU = Debug|Any CPU
		Release|Any CPU = Release|Any CPU
	EndGlobalSection
	GlobalSection(ProjectConfigurationPlatforms) = postSolution
		{FCD23C3A-6F5C-4974-B89A-7A267EEE5241}.Debug|Any CPU.ActiveCfg = Debug|Any CPU
		{FCD23C3A-6F5C-4974-B89A-7A267EEE5241}.Debug|Any CPU.Build.0 = Debug|Any CPU
		{FCD23C3A-6F5C-4974-B89A-7A267EEE5241}.Release|Any CPU.ActiveCfg = Release|Any CPU
		{FCD23C3A-6F5C-4974-B89A-7A267EEE5241}.Release|Any CPU.Build.0 = Release|Any CPU
	EndGlobalSection
	GlobalSection(SolutionProperties) = preSolution
		HideSolutionNode = FALSE
	EndGlobalSection
	GlobalSection(ExtensibilityGlobals) = postSolution
		SolutionGuid = {A4E4F5D6-CFE2-4678-84FA-E1B80D114795}
	EndGlobalSection
EndGlobal
