
Microsoft Visual Studio Solution File, Format Version 12.00
# Visual Studio Version 17
VisualStudioVersion = 17.2.32630.192
MinimumVisualStudioVersion = 10.0.40219.1
Project("{FAE04EC0-301F-11D3-BF4B-00C04F79EFBC}") = "Stock_Manager_GUI", "Stock_Manager_GUI.csproj", "{1486FA8F-8476-49FF-995E-3212D845BCF4}"
EndProject
Global
	GlobalSection(SolutionConfigurationPlatforms) = preSolution
		Debug|Any CPU = Debug|Any CPU
		Release|Any CPU = Release|Any CPU
	EndGlobalSection
	GlobalSection(ProjectConfigurationPlatforms) = postSolution
		{1486FA8F-8476-49FF-995E-3212D845BCF4}.Debug|Any CPU.ActiveCfg = Debug|Any CPU
		{1486FA8F-8476-49FF-995E-3212D845BCF4}.Debug|Any CPU.Build.0 = Debug|Any CPU
		{1486FA8F-8476-49FF-995E-3212D845BCF4}.Release|Any CPU.ActiveCfg = Release|Any CPU
		{1486FA8F-8476-49FF-995E-3212D845BCF4}.Release|Any CPU.Build.0 = Release|Any CPU
	EndGlobalSection
	GlobalSection(SolutionProperties) = preSolution
		HideSolutionNode = FALSE
	EndGlobalSection
	GlobalSection(ExtensibilityGlobals) = postSolution
		SolutionGuid = {E5F8B260-DE83-46E3-9951-C9E2C4B04D70}
	EndGlobalSection
EndGlobal
